--- 
dependencies: 
  rails: 
    group: 
    - :default
    version: = 3.0.0.beta4
  rspec-rails: 
    group: 
    - :test
    version: ">= 2.0.0.beta.12"
  json: 
    group: 
    - :test
    version: ">= 0"
  devise: 
    group: 
    - :default
    version: ">= 0"
  sinatra: 
    group: 
    - :test
    version: ~> 1.0
  oauth2: 
    group: 
    - :test
    version: ">= 0"
specs: 
- rake: 
    version: 0.8.7
- abstract: 
    version: 1.0.0
- activesupport: 
    version: 3.0.0.beta4
- builder: 
    version: 2.1.2
- i18n: 
    version: 0.4.1
- activemodel: 
    version: 3.0.0.beta4
- erubis: 
    version: 2.6.5
- rack: 
    version: 1.1.0
- rack-mount: 
    version: 0.6.6
- rack-test: 
    version: 0.5.4
- tzinfo: 
    version: 0.3.22
- actionpack: 
    version: 3.0.0.beta4
- mime-types: 
    version: "1.16"
- polyglot: 
    version: 0.3.1
- treetop: 
    version: 1.4.8
- mail: 
    version: 2.2.5
- actionmailer: 
    version: 3.0.0.beta4
- arel: 
    version: 0.4.0
- activerecord: 
    version: 3.0.0.beta4
- activeresource: 
    version: 3.0.0.beta4
- addressable: 
    version: 2.1.2
- bcrypt-ruby: 
    version: 2.1.2
- bundler: 
    version: 0.9.26
- warden: 
    version: 0.10.7
- devise: 
    version: 1.1.rc1
    source: 1
- diff-lcs: 
    version: 1.1.2
- faraday: 
    version: 0.4.6
- json: 
    version: 1.4.3
- multi_json: 
    version: 0.0.4
- nokogiri: 
    version: 1.4.2
- oauth2: 
    version: 0.0.10
    source: 0
- thor: 
    version: 0.13.6
- railties: 
    version: 3.0.0.beta4
- rails: 
    version: 3.0.0.beta4
- rspec-core: 
    version: 2.0.0.beta.12
- rspec-expectations: 
    version: 2.0.0.beta.12
- rspec-mocks: 
    version: 2.0.0.beta.12
- rspec: 
    version: 2.0.0.beta.12
- webrat: 
    version: 0.7.1
- rspec-rails: 
    version: 2.0.0.beta.12
- sinatra: 
    version: "1.0"
hash: b15dca9d7bc0eaf09d3227083a5014c2f6ddcf14
sources: 
- Git: 
    uri: git://github.com/jeroenj/oauth2.git
    git: git://github.com/jeroenj/oauth2.git
    ref: 8f95c764fcad62b9e2895c400068113a3e39c233
- Git: 
    uri: git://github.com/jeroenj/devise.git
    branch: legacy
    git: git://github.com/jeroenj/devise.git
    ref: ab165cc58d986595894db53ac9da07e565ba6498
- Rubygems: 
    uri: http://rubygems.org
